
Microsoft Visual Studio Solution File, Format Version 12.00
# Visual Studio Version 16
VisualStudioVersion = 16.0.31624.102
MinimumVisualStudioVersion = 10.0.40219.1
Project("{8BC9CEB8-8B4A-11D0-8D11-00A0C91BC942}") = "07_贪心算法", "07_贪心算法.vcxproj", "{1A7971F8-BB94-4F16-A51C-6FEE086AA95C}"
EndProject
Global
	GlobalSection(SolutionConfigurationPlatforms) = preSolution
		Debug|x64 = Debug|x64
		Debug|x86 = Debug|x86
		Release|x64 = Release|x64
		Release|x86 = Release|x86
	EndGlobalSection
	GlobalSection(ProjectConfigurationPlatforms) = postSolution
		{1A7971F8-BB94-4F16-A51C-6FEE086AA95C}.Debug|x64.ActiveCfg = Debug|x64
		{1A7971F8-BB94-4F16-A51C-6FEE086AA95C}.Debug|x64.Build.0 = Debug|x64
		{1A7971F8-BB94-4F16-A51C-6FEE086AA95C}.Debug|x86.ActiveCfg = Debug|Win32
		{1A7971F8-BB94-4F16-A51C-6FEE086AA95C}.Debug|x86.Build.0 = Debug|Win32
		{1A7971F8-BB94-4F16-A51C-6FEE086AA95C}.Release|x64.ActiveCfg = Release|x64
		{1A7971F8-BB94-4F16-A51C-6FEE086AA95C}.Release|x64.Build.0 = Release|x64
		{1A7971F8-BB94-4F16-A51C-6FEE086AA95C}.Release|x86.ActiveCfg = Release|Win32
		{1A7971F8-BB94-4F16-A51C-6FEE086AA95C}.Release|x86.Build.0 = Release|Win32
	EndGlobalSection
	GlobalSection(SolutionProperties) = preSolution
		HideSolutionNode = FALSE
	EndGlobalSection
	GlobalSection(ExtensibilityGlobals) = postSolution
		SolutionGuid = {2E334EE0-2821-4CD0-8118-694B4AA20119}
	EndGlobalSection
EndGlobal
