
Microsoft Visual Studio Solution File, Format Version 12.00
# Visual Studio Version 16
VisualStudioVersion = 16.0.31624.102
MinimumVisualStudioVersion = 10.0.40219.1
Project("{8BC9CEB8-8B4A-11D0-8D11-00A0C91BC942}") = "03_链表", "03_链表.vcxproj", "{8867A7F6-B928-49C7-A6E2-37485BDECD4D}"
EndProject
Global
	GlobalSection(SolutionConfigurationPlatforms) = preSolution
		Debug|x64 = Debug|x64
		Debug|x86 = Debug|x86
		Release|x64 = Release|x64
		Release|x86 = Release|x86
	EndGlobalSection
	GlobalSection(ProjectConfigurationPlatforms) = postSolution
		{8867A7F6-B928-49C7-A6E2-37485BDECD4D}.Debug|x64.ActiveCfg = Debug|x64
		{8867A7F6-B928-49C7-A6E2-37485BDECD4D}.Debug|x64.Build.0 = Debug|x64
		{8867A7F6-B928-49C7-A6E2-37485BDECD4D}.Debug|x86.ActiveCfg = Debug|Win32
		{8867A7F6-B928-49C7-A6E2-37485BDECD4D}.Debug|x86.Build.0 = Debug|Win32
		{8867A7F6-B928-49C7-A6E2-37485BDECD4D}.Release|x64.ActiveCfg = Release|x64
		{8867A7F6-B928-49C7-A6E2-37485BDECD4D}.Release|x64.Build.0 = Release|x64
		{8867A7F6-B928-49C7-A6E2-37485BDECD4D}.Release|x86.ActiveCfg = Release|Win32
		{8867A7F6-B928-49C7-A6E2-37485BDECD4D}.Release|x86.Build.0 = Release|Win32
	EndGlobalSection
	GlobalSection(SolutionProperties) = preSolution
		HideSolutionNode = FALSE
	EndGlobalSection
	GlobalSection(ExtensibilityGlobals) = postSolution
		SolutionGuid = {54A24BC0-5554-4A53-AB55-C7549C30B80A}
	EndGlobalSection
EndGlobal
